
Microsoft Visual Studio Solution File, Format Version 12.00
# Visual Studio Version 17
VisualStudioVersion = 17.11.35312.102
MinimumVisualStudioVersion = 10.0.40219.1
Project("{2150E333-8FDC-42A3-9474-1A3956D46DE8}") = "Solution Items", "Solution Items", "{306388C3-393A-4319-B154-2D35F36737B7}"
	ProjectSection(SolutionItems) = preProject
		.editorconfig = .editorconfig
		.gitattributes = .gitattributes
		.gitignore = .gitignore
		Analyzers.ruleset = Analyzers.ruleset
		DeviceLib.WFWattch2.sln.DotSettings = DeviceLib.WFWattch2.sln.DotSettings
		Directory.Build.props = Directory.Build.props
		Directory.Build.targets = Directory.Build.targets
		LICENSE = LICENSE
		README.md = README.md
	EndProjectSection
EndProject
Project("{FAE04EC0-301F-11D3-BF4B-00C04F79EFBC}") = "ClientTest", "Sandbox\ClientTest\ClientTest.csproj", "{A2625DEF-ED68-4A8B-9EF2-40922E2C4FA2}"
EndProject
Project("{2150E333-8FDC-42A3-9474-1A3956D46DE8}") = "Sandbox", "Sandbox", "{558A9B50-F7DD-41C3-BFFC-8DF29166ADCC}"
EndProject
Global
	GlobalSection(SolutionConfigurationPlatforms) = preSolution
		Debug|Any CPU = Debug|Any CPU
		Release|Any CPU = Release|Any CPU
	EndGlobalSection
	GlobalSection(ProjectConfigurationPlatforms) = postSolution
		{A2625DEF-ED68-4A8B-9EF2-40922E2C4FA2}.Debug|Any CPU.ActiveCfg = Debug|Any CPU
		{A2625DEF-ED68-4A8B-9EF2-40922E2C4FA2}.Debug|Any CPU.Build.0 = Debug|Any CPU
		{A2625DEF-ED68-4A8B-9EF2-40922E2C4FA2}.Release|Any CPU.ActiveCfg = Release|Any CPU
		{A2625DEF-ED68-4A8B-9EF2-40922E2C4FA2}.Release|Any CPU.Build.0 = Release|Any CPU
	EndGlobalSection
	GlobalSection(SolutionProperties) = preSolution
		HideSolutionNode = FALSE
	EndGlobalSection
	GlobalSection(NestedProjects) = preSolution
		{A2625DEF-ED68-4A8B-9EF2-40922E2C4FA2} = {558A9B50-F7DD-41C3-BFFC-8DF29166ADCC}
	EndGlobalSection
	GlobalSection(ExtensibilityGlobals) = postSolution
		SolutionGuid = {23CB8B3A-BA00-41DB-B5F8-BCB599F1AB07}
	EndGlobalSection
EndGlobal
